
Microsoft Visual Studio Solution File, Format Version 12.00
# Visual Studio Version 17
VisualStudioVersion = 17.1.32421.90
MinimumVisualStudioVersion = 10.0.40219.1
Project("{9A19103F-16F7-4668-BE54-9A1E7A4F7556}") = "GameStore_EF_MVVM", "GameStore_EF_MVVM\GameStore_EF_MVVM.csproj", "{BA7CAA7C-CA28-4325-9732-7D6678E8A33F}"
EndProject
Project("{9A19103F-16F7-4668-BE54-9A1E7A4F7556}") = "GameStore.DAL", "GameStore.DAL\GameStore.DAL.csproj", "{16798CB6-7C77-4508-969B-76F94CCD608E}"
EndProject
Project("{FAE04EC0-301F-11D3-BF4B-00C04F79EFBC}") = "GameStore.Interfaces", "GamesStore.Interfaces\GameStore.Interfaces.csproj", "{85C92EF9-56AC-4752-BC3F-F9CE55693BF8}"
EndProject
Global
	GlobalSection(SolutionConfigurationPlatforms) = preSolution
		Debug|Any CPU = Debug|Any CPU
		Release|Any CPU = Release|Any CPU
	EndGlobalSection
	GlobalSection(ProjectConfigurationPlatforms) = postSolution
		{BA7CAA7C-CA28-4325-9732-7D6678E8A33F}.Debug|Any CPU.ActiveCfg = Debug|Any CPU
		{BA7CAA7C-CA28-4325-9732-7D6678E8A33F}.Debug|Any CPU.Build.0 = Debug|Any CPU
		{BA7CAA7C-CA28-4325-9732-7D6678E8A33F}.Release|Any CPU.ActiveCfg = Release|Any CPU
		{BA7CAA7C-CA28-4325-9732-7D6678E8A33F}.Release|Any CPU.Build.0 = Release|Any CPU
		{16798CB6-7C77-4508-969B-76F94CCD608E}.Debug|Any CPU.ActiveCfg = Debug|Any CPU
		{16798CB6-7C77-4508-969B-76F94CCD608E}.Debug|Any CPU.Build.0 = Debug|Any CPU
		{16798CB6-7C77-4508-969B-76F94CCD608E}.Release|Any CPU.ActiveCfg = Release|Any CPU
		{16798CB6-7C77-4508-969B-76F94CCD608E}.Release|Any CPU.Build.0 = Release|Any CPU
		{85C92EF9-56AC-4752-BC3F-F9CE55693BF8}.Debug|Any CPU.ActiveCfg = Debug|Any CPU
		{85C92EF9-56AC-4752-BC3F-F9CE55693BF8}.Debug|Any CPU.Build.0 = Debug|Any CPU
		{85C92EF9-56AC-4752-BC3F-F9CE55693BF8}.Release|Any CPU.ActiveCfg = Release|Any CPU
		{85C92EF9-56AC-4752-BC3F-F9CE55693BF8}.Release|Any CPU.Build.0 = Release|Any CPU
	EndGlobalSection
	GlobalSection(SolutionProperties) = preSolution
		HideSolutionNode = FALSE
	EndGlobalSection
	GlobalSection(ExtensibilityGlobals) = postSolution
		SolutionGuid = {5891AE9F-8A7E-4A2B-AC50-9F9F3C7B6A3A}
	EndGlobalSection
EndGlobal
